// !$*UTF8*$!
{
	archiveVersion = 1;
	classes = {
	};
	objectVersion = 48;
	objects = {

/* Begin PBXBuildFile section */
		25FD0F49C6F15E9F5FDA6D95 /* Pods_ApplicationTests.framework in Frameworks */ = {isa = PBXBuildFile; fileRef = 65F09A2C1B4583AD7433BE4B /* Pods_ApplicationTests.framework */; };
		ED96E12CDB1C2BAC37E5DBF9 /* Pods_Application.framework in Frameworks */ = {isa = PBXBuildFile; fileRef = C415168E1B4A6C0B75FEA56E /* Pods_Application.framework */; };
		F0187F0E1FAE70E30062BA83 /* AppDelegate.swift in Sources */ = {isa = PBXBuildFile; fileRef = F0187F0D1FAE70E30062BA83 /* AppDelegate.swift */; };
		F0187F151FAE70E30062BA83 /* Start.storyboard in Resources */ = {isa = PBXBuildFile; fileRef = F0187F131FAE70E30062BA83 /* Start.storyboard */; };
		F0187F171FAE70E30062BA83 /* Assets.xcassets in Resources */ = {isa = PBXBuildFile; fileRef = F0187F161FAE70E30062BA83 /* Assets.xcassets */; };
		F0187F1A1FAE70E30062BA83 /* LaunchScreen.storyboard in Resources */ = {isa = PBXBuildFile; fileRef = F0187F181FAE70E30062BA83 /* LaunchScreen.storyboard */; };
		F0187F251FAE70E30062BA83 /* ApplicationTests.swift in Sources */ = {isa = PBXBuildFile; fileRef = F0187F241FAE70E30062BA83 /* ApplicationTests.swift */; };
		F0187F301FAE70E30062BA83 /* ApplicationUITests.swift in Sources */ = {isa = PBXBuildFile; fileRef = F0187F2F1FAE70E30062BA83 /* ApplicationUITests.swift */; };
		F04757441FAF9760001A742E /* DailyScheduleViewController.swift in Sources */ = {isa = PBXBuildFile; fileRef = F04757431FAF9760001A742E /* DailyScheduleViewController.swift */; };
		F04757461FAF97B7001A742E /* RoutineViewController.swift in Sources */ = {isa = PBXBuildFile; fileRef = F04757451FAF97B7001A742E /* RoutineViewController.swift */; };
		F04757481FAF97EA001A742E /* ProfileViewController.swift in Sources */ = {isa = PBXBuildFile; fileRef = F04757471FAF97EA001A742E /* ProfileViewController.swift */; };
		F047574A1FAF9972001A742E /* ActionsViewController.swift in Sources */ = {isa = PBXBuildFile; fileRef = F04757491FAF9972001A742E /* ActionsViewController.swift */; };
		F0595DDC1FC892D6003BFE1A /* DailyScheduleEntity.swift in Sources */ = {isa = PBXBuildFile; fileRef = F0595DDB1FC892D6003BFE1A /* DailyScheduleEntity.swift */; };
		F081B33E1FAFA6B000659B11 /* Main.storyboard in Resources */ = {isa = PBXBuildFile; fileRef = F081B33D1FAFA6B000659B11 /* Main.storyboard */; };
		F081B3401FAFAC7700659B11 /* Today.storyboard in Resources */ = {isa = PBXBuildFile; fileRef = F081B33F1FAFAC7700659B11 /* Today.storyboard */; };
		F081B3421FAFACB900659B11 /* Routines.storyboard in Resources */ = {isa = PBXBuildFile; fileRef = F081B3411FAFACB900659B11 /* Routines.storyboard */; };
		F081B3441FAFACF800659B11 /* Actions.storyboard in Resources */ = {isa = PBXBuildFile; fileRef = F081B3431FAFACF800659B11 /* Actions.storyboard */; };
		F081B3461FAFAD1D00659B11 /* Profile.storyboard in Resources */ = {isa = PBXBuildFile; fileRef = F081B3451FAFAD1D00659B11 /* Profile.storyboard */; };
		F0B2B2E21FC881EC00F0B724 /* Database.swift in Sources */ = {isa = PBXBuildFile; fileRef = F0B2B2E11FC881EC00F0B724 /* Database.swift */; };
		F0E3C2421FAE95C800211B73 /* LoginViewController.swift in Sources */ = {isa = PBXBuildFile; fileRef = F0E3C2411FAE95C800211B73 /* LoginViewController.swift */; };
		F0E3C2441FAE99B600211B73 /* SignUpViewController.swift in Sources */ = {isa = PBXBuildFile; fileRef = F0E3C2431FAE99B600211B73 /* SignUpViewController.swift */; };
		F0F9357D1FC9FDC70098941A /* RoutineDatabase.swift in Sources */ = {isa = PBXBuildFile; fileRef = F0F9357C1FC9FDC70098941A /* RoutineDatabase.swift */; };
		F0F9357F1FCA02B70098941A /* RoutineViewControllerAddNew.swift in Sources */ = {isa = PBXBuildFile; fileRef = F0F9357E1FCA02B70098941A /* RoutineViewControllerAddNew.swift */; };
		F36A2E67FC5AB057F2B1E4E9 /* Pods_ApplicationUITests.framework in Frameworks */ = {isa = PBXBuildFile; fileRef = 604CF08DA5D2B2C0EAE02020 /* Pods_ApplicationUITests.framework */; };
/* End PBXBuildFile section */

/* Begin PBXContainerItemProxy section */
		F0187F211FAE70E30062BA83 /* PBXContainerItemProxy */ = {
			isa = PBXContainerItemProxy;
			containerPortal = F0187F021FAE70E30062BA83 /* Project object */;
			proxyType = 1;
			remoteGlobalIDString = F0187F091FAE70E30062BA83;
			remoteInfo = Application;
		};
		F0187F2C1FAE70E30062BA83 /* PBXContainerItemProxy */ = {
			isa = PBXContainerItemProxy;
			containerPortal = F0187F021FAE70E30062BA83 /* Project object */;
			proxyType = 1;
			remoteGlobalIDString = F0187F091FAE70E30062BA83;
			remoteInfo = Application;
		};
/* End PBXContainerItemProxy section */

/* Begin PBXFileReference section */
		1AFD8D82145502602C477C63 /* Pods-Application.release.xcconfig */ = {isa = PBXFileReference; includeInIndex = 1; lastKnownFileType = text.xcconfig; name = "Pods-Application.release.xcconfig"; path = "Pods/Target Support Files/Pods-Application/Pods-Application.release.xcconfig"; sourceTree = "<group>"; };
		27C9FF157B9E160EE53AD49C /* Pods-Application.debug.xcconfig */ = {isa = PBXFileReference; includeInIndex = 1; lastKnownFileType = text.xcconfig; name = "Pods-Application.debug.xcconfig"; path = "Pods/Target Support Files/Pods-Application/Pods-Application.debug.xcconfig"; sourceTree = "<group>"; };
		604CF08DA5D2B2C0EAE02020 /* Pods_ApplicationUITests.framework */ = {isa = PBXFileReference; explicitFileType = wrapper.framework; includeInIndex = 0; path = Pods_ApplicationUITests.framework; sourceTree = BUILT_PRODUCTS_DIR; };
		65F09A2C1B4583AD7433BE4B /* Pods_ApplicationTests.framework */ = {isa = PBXFileReference; explicitFileType = wrapper.framework; includeInIndex = 0; path = Pods_ApplicationTests.framework; sourceTree = BUILT_PRODUCTS_DIR; };
		6A61947382DFF5B21140C773 /* Pods-ApplicationTests.release.xcconfig */ = {isa = PBXFileReference; includeInIndex = 1; lastKnownFileType = text.xcconfig; name = "Pods-ApplicationTests.release.xcconfig"; path = "Pods/Target Support Files/Pods-ApplicationTests/Pods-ApplicationTests.release.xcconfig"; sourceTree = "<group>"; };
		77923A5B0141D47FDF96EA47 /* Pods-ApplicationUITests.debug.xcconfig */ = {isa = PBXFileReference; includeInIndex = 1; lastKnownFileType = text.xcconfig; name = "Pods-ApplicationUITests.debug.xcconfig"; path = "Pods/Target Support Files/Pods-ApplicationUITests/Pods-ApplicationUITests.debug.xcconfig"; sourceTree = "<group>"; };
		9A8B5E630AA95FB51D1544D3 /* Pods-ApplicationUITests.release.xcconfig */ = {isa = PBXFileReference; includeInIndex = 1; lastKnownFileType = text.xcconfig; name = "Pods-ApplicationUITests.release.xcconfig"; path = "Pods/Target Support Files/Pods-ApplicationUITests/Pods-ApplicationUITests.release.xcconfig"; sourceTree = "<group>"; };
		AB40E2413069A562C237AAF1 /* Pods-ApplicationTests.debug.xcconfig */ = {isa = PBXFileReference; includeInIndex = 1; lastKnownFileType = text.xcconfig; name = "Pods-ApplicationTests.debug.xcconfig"; path = "Pods/Target Support Files/Pods-ApplicationTests/Pods-ApplicationTests.debug.xcconfig"; sourceTree = "<group>"; };
		C415168E1B4A6C0B75FEA56E /* Pods_Application.framework */ = {isa = PBXFileReference; explicitFileType = wrapper.framework; includeInIndex = 0; path = Pods_Application.framework; sourceTree = BUILT_PRODUCTS_DIR; };
		F0187F0A1FAE70E30062BA83 /* Application.app */ = {isa = PBXFileReference; explicitFileType = wrapper.application; includeInIndex = 0; path = Application.app; sourceTree = BUILT_PRODUCTS_DIR; };
		F0187F0D1FAE70E30062BA83 /* AppDelegate.swift */ = {isa = PBXFileReference; lastKnownFileType = sourcecode.swift; path = AppDelegate.swift; sourceTree = "<group>"; };
		F0187F141FAE70E30062BA83 /* Base */ = {isa = PBXFileReference; lastKnownFileType = file.storyboard; name = Base; path = Base.lproj/Start.storyboard; sourceTree = "<group>"; };
		F0187F161FAE70E30062BA83 /* Assets.xcassets */ = {isa = PBXFileReference; lastKnownFileType = folder.assetcatalog; path = Assets.xcassets; sourceTree = "<group>"; };
		F0187F191FAE70E30062BA83 /* Base */ = {isa = PBXFileReference; lastKnownFileType = file.storyboard; name = Base; path = Base.lproj/LaunchScreen.storyboard; sourceTree = "<group>"; };
		F0187F1B1FAE70E30062BA83 /* Info.plist */ = {isa = PBXFileReference; lastKnownFileType = text.plist.xml; path = Info.plist; sourceTree = "<group>"; };
		F0187F201FAE70E30062BA83 /* ApplicationTests.xctest */ = {isa = PBXFileReference; explicitFileType = wrapper.cfbundle; includeInIndex = 0; path = ApplicationTests.xctest; sourceTree = BUILT_PRODUCTS_DIR; };
		F0187F241FAE70E30062BA83 /* ApplicationTests.swift */ = {isa = PBXFileReference; lastKnownFileType = sourcecode.swift; path = ApplicationTests.swift; sourceTree = "<group>"; };
		F0187F261FAE70E30062BA83 /* Info.plist */ = {isa = PBXFileReference; lastKnownFileType = text.plist.xml; path = Info.plist; sourceTree = "<group>"; };
		F0187F2B1FAE70E30062BA83 /* ApplicationUITests.xctest */ = {isa = PBXFileReference; explicitFileType = wrapper.cfbundle; includeInIndex = 0; path = ApplicationUITests.xctest; sourceTree = BUILT_PRODUCTS_DIR; };
		F0187F2F1FAE70E30062BA83 /* ApplicationUITests.swift */ = {isa = PBXFileReference; lastKnownFileType = sourcecode.swift; path = ApplicationUITests.swift; sourceTree = "<group>"; };
		F0187F311FAE70E30062BA83 /* Info.plist */ = {isa = PBXFileReference; lastKnownFileType = text.plist.xml; path = Info.plist; sourceTree = "<group>"; };
		F04757431FAF9760001A742E /* DailyScheduleViewController.swift */ = {isa = PBXFileReference; lastKnownFileType = sourcecode.swift; path = DailyScheduleViewController.swift; sourceTree = "<group>"; };
		F04757451FAF97B7001A742E /* RoutineViewController.swift */ = {isa = PBXFileReference; lastKnownFileType = sourcecode.swift; path = RoutineViewController.swift; sourceTree = "<group>"; };
		F04757471FAF97EA001A742E /* ProfileViewController.swift */ = {isa = PBXFileReference; lastKnownFileType = sourcecode.swift; path = ProfileViewController.swift; sourceTree = "<group>"; };
		F04757491FAF9972001A742E /* ActionsViewController.swift */ = {isa = PBXFileReference; lastKnownFileType = sourcecode.swift; path = ActionsViewController.swift; sourceTree = "<group>"; };
		F0595DDB1FC892D6003BFE1A /* DailyScheduleEntity.swift */ = {isa = PBXFileReference; lastKnownFileType = sourcecode.swift; path = DailyScheduleEntity.swift; sourceTree = "<group>"; };
		F081B33D1FAFA6B000659B11 /* Main.storyboard */ = {isa = PBXFileReference; fileEncoding = 4; lastKnownFileType = file.storyboard; path = Main.storyboard; sourceTree = "<group>"; };
		F081B33F1FAFAC7700659B11 /* Today.storyboard */ = {isa = PBXFileReference; fileEncoding = 4; lastKnownFileType = file.storyboard; path = Today.storyboard; sourceTree = "<group>"; };
		F081B3411FAFACB900659B11 /* Routines.storyboard */ = {isa = PBXFileReference; fileEncoding = 4; lastKnownFileType = file.storyboard; path = Routines.storyboard; sourceTree = "<group>"; };
		F081B3431FAFACF800659B11 /* Actions.storyboard */ = {isa = PBXFileReference; fileEncoding = 4; lastKnownFileType = file.storyboard; path = Actions.storyboard; sourceTree = "<group>"; };
		F081B3451FAFAD1D00659B11 /* Profile.storyboard */ = {isa = PBXFileReference; fileEncoding = 4; lastKnownFileType = file.storyboard; path = Profile.storyboard; sourceTree = "<group>"; };
		F0B2B2E11FC881EC00F0B724 /* Database.swift */ = {isa = PBXFileReference; lastKnownFileType = sourcecode.swift; path = Database.swift; sourceTree = "<group>"; };
		F0E3C2411FAE95C800211B73 /* LoginViewController.swift */ = {isa = PBXFileReference; lastKnownFileType = sourcecode.swift; path = LoginViewController.swift; sourceTree = "<group>"; };
		F0E3C2431FAE99B600211B73 /* SignUpViewController.swift */ = {isa = PBXFileReference; lastKnownFileType = sourcecode.swift; path = SignUpViewController.swift; sourceTree = "<group>"; };
		F0F9357C1FC9FDC70098941A /* RoutineDatabase.swift */ = {isa = PBXFileReference; lastKnownFileType = sourcecode.swift; path = RoutineDatabase.swift; sourceTree = "<group>"; };
		F0F9357E1FCA02B70098941A /* RoutineViewControllerAddNew.swift */ = {isa = PBXFileReference; lastKnownFileType = sourcecode.swift; path = RoutineViewControllerAddNew.swift; sourceTree = "<group>"; };
/* End PBXFileReference section */

/* Begin PBXFrameworksBuildPhase section */
		F0187F071FAE70E30062BA83 /* Frameworks */ = {
			isa = PBXFrameworksBuildPhase;
			buildActionMask = 2147483647;
			files = (
				ED96E12CDB1C2BAC37E5DBF9 /* Pods_Application.framework in Frameworks */,
			);
			runOnlyForDeploymentPostprocessing = 0;
		};
		F0187F1D1FAE70E30062BA83 /* Frameworks */ = {
			isa = PBXFrameworksBuildPhase;
			buildActionMask = 2147483647;
			files = (
				25FD0F49C6F15E9F5FDA6D95 /* Pods_ApplicationTests.framework in Frameworks */,
			);
			runOnlyForDeploymentPostprocessing = 0;
		};
		F0187F281FAE70E30062BA83 /* Frameworks */ = {
			isa = PBXFrameworksBuildPhase;
			buildActionMask = 2147483647;
			files = (
				F36A2E67FC5AB057F2B1E4E9 /* Pods_ApplicationUITests.framework in Frameworks */,
			);
			runOnlyForDeploymentPostprocessing = 0;
		};
/* End PBXFrameworksBuildPhase section */

/* Begin PBXGroup section */
		2B9AA75A5B0D77A81A41AEC4 /* Frameworks */ = {
			isa = PBXGroup;
			children = (
				C415168E1B4A6C0B75FEA56E /* Pods_Application.framework */,
				65F09A2C1B4583AD7433BE4B /* Pods_ApplicationTests.framework */,
				604CF08DA5D2B2C0EAE02020 /* Pods_ApplicationUITests.framework */,
			);
			name = Frameworks;
			sourceTree = "<group>";
		};
		6558F1B56211F9125C8DA492 /* Pods */ = {
			isa = PBXGroup;
			children = (
				27C9FF157B9E160EE53AD49C /* Pods-Application.debug.xcconfig */,
				1AFD8D82145502602C477C63 /* Pods-Application.release.xcconfig */,
				AB40E2413069A562C237AAF1 /* Pods-ApplicationTests.debug.xcconfig */,
				6A61947382DFF5B21140C773 /* Pods-ApplicationTests.release.xcconfig */,
				77923A5B0141D47FDF96EA47 /* Pods-ApplicationUITests.debug.xcconfig */,
				9A8B5E630AA95FB51D1544D3 /* Pods-ApplicationUITests.release.xcconfig */,
			);
			name = Pods;
			sourceTree = "<group>";
		};
		F0187F011FAE70E30062BA83 = {
			isa = PBXGroup;
			children = (
				F0187F0C1FAE70E30062BA83 /* Application */,
				F0187F231FAE70E30062BA83 /* ApplicationTests */,
				F0187F2E1FAE70E30062BA83 /* ApplicationUITests */,
				F0187F0B1FAE70E30062BA83 /* Products */,
				6558F1B56211F9125C8DA492 /* Pods */,
				2B9AA75A5B0D77A81A41AEC4 /* Frameworks */,
			);
			sourceTree = "<group>";
		};
		F0187F0B1FAE70E30062BA83 /* Products */ = {
			isa = PBXGroup;
			children = (
				F0187F0A1FAE70E30062BA83 /* Application.app */,
				F0187F201FAE70E30062BA83 /* ApplicationTests.xctest */,
				F0187F2B1FAE70E30062BA83 /* ApplicationUITests.xctest */,
			);
			name = Products;
			sourceTree = "<group>";
		};
		F0187F0C1FAE70E30062BA83 /* Application */ = {
			isa = PBXGroup;
			children = (
				F0187F0D1FAE70E30062BA83 /* AppDelegate.swift */,
				F04757491FAF9972001A742E /* ActionsViewController.swift */,
				F04757451FAF97B7001A742E /* RoutineViewController.swift */,
				F0F9357E1FCA02B70098941A /* RoutineViewControllerAddNew.swift */,
				F04757471FAF97EA001A742E /* ProfileViewController.swift */,
				F04757431FAF9760001A742E /* DailyScheduleViewController.swift */,
				F0E3C2411FAE95C800211B73 /* LoginViewController.swift */,
				F0E3C2431FAE99B600211B73 /* SignUpViewController.swift */,
				F0B2B2E11FC881EC00F0B724 /* Database.swift */,
				F0595DDB1FC892D6003BFE1A /* DailyScheduleEntity.swift */,
				F0F9357C1FC9FDC70098941A /* RoutineDatabase.swift */,
				F0187F181FAE70E30062BA83 /* LaunchScreen.storyboard */,
				F0187F131FAE70E30062BA83 /* Start.storyboard */,
				F081B33D1FAFA6B000659B11 /* Main.storyboard */,
				F081B3451FAFAD1D00659B11 /* Profile.storyboard */,
				F081B33F1FAFAC7700659B11 /* Today.storyboard */,
				F081B3411FAFACB900659B11 /* Routines.storyboard */,
				F081B3431FAFACF800659B11 /* Actions.storyboard */,
				F0187F161FAE70E30062BA83 /* Assets.xcassets */,
				F0187F1B1FAE70E30062BA83 /* Info.plist */,
			);
			path = Application;
			sourceTree = "<group>";
		};
		F0187F231FAE70E30062BA83 /* ApplicationTests */ = {
			isa = PBXGroup;
			children = (
				F0187F241FAE70E30062BA83 /* ApplicationTests.swift */,
				F0187F261FAE70E30062BA83 /* Info.plist */,
			);
			path = ApplicationTests;
			sourceTree = "<group>";
		};
		F0187F2E1FAE70E30062BA83 /* ApplicationUITests */ = {
			isa = PBXGroup;
			children = (
				F0187F2F1FAE70E30062BA83 /* ApplicationUITests.swift */,
				F0187F311FAE70E30062BA83 /* Info.plist */,
			);
			path = ApplicationUITests;
			sourceTree = "<group>";
		};
/* End PBXGroup section */

/* Begin PBXNativeTarget section */
		F0187F091FAE70E30062BA83 /* Application */ = {
			isa = PBXNativeTarget;
			buildConfigurationList = F0187F341FAE70E30062BA83 /* Build configuration list for PBXNativeTarget "Application" */;
			buildPhases = (
				7F2A82D5FB94360D74D49D62 /* [CP] Check Pods Manifest.lock */,
				F0187F061FAE70E30062BA83 /* Sources */,
				F0187F071FAE70E30062BA83 /* Frameworks */,
				F0187F081FAE70E30062BA83 /* Resources */,
				8A9F91F8DF79BD44C5BE9067 /* [CP] Embed Pods Frameworks */,
				6A7A8400097A1A7F4A61E4C2 /* [CP] Copy Pods Resources */,
			);
			buildRules = (
			);
			dependencies = (
			);
			name = Application;
			productName = Application;
			productReference = F0187F0A1FAE70E30062BA83 /* Application.app */;
			productType = "com.apple.product-type.application";
		};
		F0187F1F1FAE70E30062BA83 /* ApplicationTests */ = {
			isa = PBXNativeTarget;
			buildConfigurationList = F0187F371FAE70E30062BA83 /* Build configuration list for PBXNativeTarget "ApplicationTests" */;
			buildPhases = (
				D3E1B6CAB523290D391C0CDC /* [CP] Check Pods Manifest.lock */,
				F0187F1C1FAE70E30062BA83 /* Sources */,
				F0187F1D1FAE70E30062BA83 /* Frameworks */,
				F0187F1E1FAE70E30062BA83 /* Resources */,
				B5CE1BF7D5F96122BB6A3CEC /* [CP] Embed Pods Frameworks */,
				F8322D34D64A0AF783CDEFAC /* [CP] Copy Pods Resources */,
			);
			buildRules = (
			);
			dependencies = (
				F0187F221FAE70E30062BA83 /* PBXTargetDependency */,
			);
			name = ApplicationTests;
			productName = ApplicationTests;
			productReference = F0187F201FAE70E30062BA83 /* ApplicationTests.xctest */;
			productType = "com.apple.product-type.bundle.unit-test";
		};
		F0187F2A1FAE70E30062BA83 /* ApplicationUITests */ = {
			isa = PBXNativeTarget;
			buildConfigurationList = F0187F3A1FAE70E30062BA83 /* Build configuration list for PBXNativeTarget "ApplicationUITests" */;
			buildPhases = (
				E480473AB95279D1F1D1D07D /* [CP] Check Pods Manifest.lock */,
				F0187F271FAE70E30062BA83 /* Sources */,
				F0187F281FAE70E30062BA83 /* Frameworks */,
				F0187F291FAE70E30062BA83 /* Resources */,
				CA2E86783445E04D15925F35 /* [CP] Embed Pods Frameworks */,
				60429E419228F9F978314FCB /* [CP] Copy Pods Resources */,
			);
			buildRules = (
			);
			dependencies = (
				F0187F2D1FAE70E30062BA83 /* PBXTargetDependency */,
			);
			name = ApplicationUITests;
			productName = ApplicationUITests;
			productReference = F0187F2B1FAE70E30062BA83 /* ApplicationUITests.xctest */;
			productType = "com.apple.product-type.bundle.ui-testing";
		};
/* End PBXNativeTarget section */

/* Begin PBXProject section */
		F0187F021FAE70E30062BA83 /* Project object */ = {
			isa = PBXProject;
			attributes = {
				LastSwiftUpdateCheck = 0910;
				LastUpgradeCheck = 0910;
				ORGANIZATIONNAME = "Rebecca Popper";
				TargetAttributes = {
					F0187F091FAE70E30062BA83 = {
						CreatedOnToolsVersion = 9.1;
						ProvisioningStyle = Automatic;
					};
					F0187F1F1FAE70E30062BA83 = {
						CreatedOnToolsVersion = 9.1;
						ProvisioningStyle = Automatic;
						TestTargetID = F0187F091FAE70E30062BA83;
					};
					F0187F2A1FAE70E30062BA83 = {
						CreatedOnToolsVersion = 9.1;
						ProvisioningStyle = Automatic;
						TestTargetID = F0187F091FAE70E30062BA83;
					};
				};
			};
			buildConfigurationList = F0187F051FAE70E30062BA83 /* Build configuration list for PBXProject "Application" */;
			compatibilityVersion = "Xcode 8.0";
			developmentRegion = en;
			hasScannedForEncodings = 0;
			knownRegions = (
				en,
				Base,
			);
			mainGroup = F0187F011FAE70E30062BA83;
			productRefGroup = F0187F0B1FAE70E30062BA83 /* Products */;
			projectDirPath = "";
			projectRoot = "";
			targets = (
				F0187F091FAE70E30062BA83 /* Application */,
				F0187F1F1FAE70E30062BA83 /* ApplicationTests */,
				F0187F2A1FAE70E30062BA83 /* ApplicationUITests */,
			);
		};
/* End PBXProject section */

/* Begin PBXResourcesBuildPhase section */
		F0187F081FAE70E30062BA83 /* Resources */ = {
			isa = PBXResourcesBuildPhase;
			buildActionMask = 2147483647;
			files = (
				F0187F1A1FAE70E30062BA83 /* LaunchScreen.storyboard in Resources */,
				F081B3401FAFAC7700659B11 /* Today.storyboard in Resources */,
				F081B3461FAFAD1D00659B11 /* Profile.storyboard in Resources */,
				F0187F171FAE70E30062BA83 /* Assets.xcassets in Resources */,
				F081B3421FAFACB900659B11 /* Routines.storyboard in Resources */,
				F0187F151FAE70E30062BA83 /* Start.storyboard in Resources */,
				F081B3441FAFACF800659B11 /* Actions.storyboard in Resources */,
				F081B33E1FAFA6B000659B11 /* Main.storyboard in Resources */,
			);
			runOnlyForDeploymentPostprocessing = 0;
		};
		F0187F1E1FAE70E30062BA83 /* Resources */ = {
			isa = PBXResourcesBuildPhase;
			buildActionMask = 2147483647;
			files = (
			);
			runOnlyForDeploymentPostprocessing = 0;
		};
		F0187F291FAE70E30062BA83 /* Resources */ = {
			isa = PBXResourcesBuildPhase;
			buildActionMask = 2147483647;
			files = (
			);
			runOnlyForDeploymentPostprocessing = 0;
		};
/* End PBXResourcesBuildPhase section */

/* Begin PBXShellScriptBuildPhase section */
		60429E419228F9F978314FCB /* [CP] Copy Pods Resources */ = {
			isa = PBXShellScriptBuildPhase;
			buildActionMask = 2147483647;
			files = (
			);
			inputPaths = (
			);
			name = "[CP] Copy Pods Resources";
			outputPaths = (
			);
			runOnlyForDeploymentPostprocessing = 0;
			shellPath = /bin/sh;
			shellScript = "\"${SRCROOT}/Pods/Target Support Files/Pods-ApplicationUITests/Pods-ApplicationUITests-resources.sh\"\n";
			showEnvVarsInLog = 0;
		};
		6A7A8400097A1A7F4A61E4C2 /* [CP] Copy Pods Resources */ = {
			isa = PBXShellScriptBuildPhase;
			buildActionMask = 2147483647;
			files = (
			);
			inputPaths = (
			);
			name = "[CP] Copy Pods Resources";
			outputPaths = (
			);
			runOnlyForDeploymentPostprocessing = 0;
			shellPath = /bin/sh;
			shellScript = "\"${SRCROOT}/Pods/Target Support Files/Pods-Application/Pods-Application-resources.sh\"\n";
			showEnvVarsInLog = 0;
		};
		7F2A82D5FB94360D74D49D62 /* [CP] Check Pods Manifest.lock */ = {
			isa = PBXShellScriptBuildPhase;
			buildActionMask = 2147483647;
			files = (
			);
			inputPaths = (
				"${PODS_PODFILE_DIR_PATH}/Podfile.lock",
				"${PODS_ROOT}/Manifest.lock",
			);
			name = "[CP] Check Pods Manifest.lock";
			outputPaths = (
				"$(DERIVED_FILE_DIR)/Pods-Application-checkManifestLockResult.txt",
			);
			runOnlyForDeploymentPostprocessing = 0;
			shellPath = /bin/sh;
			shellScript = "diff \"${PODS_PODFILE_DIR_PATH}/Podfile.lock\" \"${PODS_ROOT}/Manifest.lock\" > /dev/null\nif [ $? != 0 ] ; then\n    # print error to STDERR\n    echo \"error: The sandbox is not in sync with the Podfile.lock. Run 'pod install' or update your CocoaPods installation.\" >&2\n    exit 1\nfi\n# This output is used by Xcode 'outputs' to avoid re-running this script phase.\necho \"SUCCESS\" > \"${SCRIPT_OUTPUT_FILE_0}\"\n";
			showEnvVarsInLog = 0;
		};
		8A9F91F8DF79BD44C5BE9067 /* [CP] Embed Pods Frameworks */ = {
			isa = PBXShellScriptBuildPhase;
			buildActionMask = 2147483647;
			files = (
			);
			inputPaths = (
				"${SRCROOT}/Pods/Target Support Files/Pods-Application/Pods-Application-frameworks.sh",
				"${BUILT_PRODUCTS_DIR}/SQLite.swift/SQLite.framework",
			);
			name = "[CP] Embed Pods Frameworks";
			outputPaths = (
				"${TARGET_BUILD_DIR}/${FRAMEWORKS_FOLDER_PATH}/SQLite.framework",
			);
			runOnlyForDeploymentPostprocessing = 0;
			shellPath = /bin/sh;
			shellScript = "\"${SRCROOT}/Pods/Target Support Files/Pods-Application/Pods-Application-frameworks.sh\"\n";
			showEnvVarsInLog = 0;
		};
		B5CE1BF7D5F96122BB6A3CEC /* [CP] Embed Pods Frameworks */ = {
			isa = PBXShellScriptBuildPhase;
			buildActionMask = 2147483647;
			files = (
			);
			inputPaths = (
			);
			name = "[CP] Embed Pods Frameworks";
			outputPaths = (
			);
			runOnlyForDeploymentPostprocessing = 0;
			shellPath = /bin/sh;
			shellScript = "\"${SRCROOT}/Pods/Target Support Files/Pods-ApplicationTests/Pods-ApplicationTests-frameworks.sh\"\n";
			showEnvVarsInLog = 0;
		};
		CA2E86783445E04D15925F35 /* [CP] Embed Pods Frameworks */ = {
			isa = PBXShellScriptBuildPhase;
			buildActionMask = 2147483647;
			files = (
			);
			inputPaths = (
			);
			name = "[CP] Embed Pods Frameworks";
			outputPaths = (
			);
			runOnlyForDeploymentPostprocessing = 0;
			shellPath = /bin/sh;
			shellScript = "\"${SRCROOT}/Pods/Target Support Files/Pods-ApplicationUITests/Pods-ApplicationUITests-frameworks.sh\"\n";
			showEnvVarsInLog = 0;
		};
		D3E1B6CAB523290D391C0CDC /* [CP] Check Pods Manifest.lock */ = {
			isa = PBXShellScriptBuildPhase;
			buildActionMask = 2147483647;
			files = (
			);
			inputPaths = (
				"${PODS_PODFILE_DIR_PATH}/Podfile.lock",
				"${PODS_ROOT}/Manifest.lock",
			);
			name = "[CP] Check Pods Manifest.lock";
			outputPaths = (
				"$(DERIVED_FILE_DIR)/Pods-ApplicationTests-checkManifestLockResult.txt",
			);
			runOnlyForDeploymentPostprocessing = 0;
			shellPath = /bin/sh;
			shellScript = "diff \"${PODS_PODFILE_DIR_PATH}/Podfile.lock\" \"${PODS_ROOT}/Manifest.lock\" > /dev/null\nif [ $? != 0 ] ; then\n    # print error to STDERR\n    echo \"error: The sandbox is not in sync with the Podfile.lock. Run 'pod install' or update your CocoaPods installation.\" >&2\n    exit 1\nfi\n# This output is used by Xcode 'outputs' to avoid re-running this script phase.\necho \"SUCCESS\" > \"${SCRIPT_OUTPUT_FILE_0}\"\n";
			showEnvVarsInLog = 0;
		};
		E480473AB95279D1F1D1D07D /* [CP] Check Pods Manifest.lock */ = {
			isa = PBXShellScriptBuildPhase;
			buildActionMask = 2147483647;
			files = (
			);
			inputPaths = (
				"${PODS_PODFILE_DIR_PATH}/Podfile.lock",
				"${PODS_ROOT}/Manifest.lock",
			);
			name = "[CP] Check Pods Manifest.lock";
			outputPaths = (
				"$(DERIVED_FILE_DIR)/Pods-ApplicationUITests-checkManifestLockResult.txt",
			);
			runOnlyForDeploymentPostprocessing = 0;
			shellPath = /bin/sh;
			shellScript = "diff \"${PODS_PODFILE_DIR_PATH}/Podfile.lock\" \"${PODS_ROOT}/Manifest.lock\" > /dev/null\nif [ $? != 0 ] ; then\n    # print error to STDERR\n    echo \"error: The sandbox is not in sync with the Podfile.lock. Run 'pod install' or update your CocoaPods installation.\" >&2\n    exit 1\nfi\n# This output is used by Xcode 'outputs' to avoid re-running this script phase.\necho \"SUCCESS\" > \"${SCRIPT_OUTPUT_FILE_0}\"\n";
			showEnvVarsInLog = 0;
		};
		F8322D34D64A0AF783CDEFAC /* [CP] Copy Pods Resources */ = {
			isa = PBXShellScriptBuildPhase;
			buildActionMask = 2147483647;
			files = (
			);
			inputPaths = (
			);
			name = "[CP] Copy Pods Resources";
			outputPaths = (
			);
			runOnlyForDeploymentPostprocessing = 0;
			shellPath = /bin/sh;
			shellScript = "\"${SRCROOT}/Pods/Target Support Files/Pods-ApplicationTests/Pods-ApplicationTests-resources.sh\"\n";
			showEnvVarsInLog = 0;
		};
/* End PBXShellScriptBuildPhase section */

/* Begin PBXSourcesBuildPhase section */
		F0187F061FAE70E30062BA83 /* Sources */ = {
			isa = PBXSourcesBuildPhase;
			buildActionMask = 2147483647;
			files = (
				F047574A1FAF9972001A742E /* ActionsViewController.swift in Sources */,
				F0F9357D1FC9FDC70098941A /* RoutineDatabase.swift in Sources */,
				F04757481FAF97EA001A742E /* ProfileViewController.swift in Sources */,
				F0595DDC1FC892D6003BFE1A /* DailyScheduleEntity.swift in Sources */,
				F0E3C2441FAE99B600211B73 /* SignUpViewController.swift in Sources */,
				F0E3C2421FAE95C800211B73 /* LoginViewController.swift in Sources */,
				F0B2B2E21FC881EC00F0B724 /* Database.swift in Sources */,
				F0187F0E1FAE70E30062BA83 /* AppDelegate.swift in Sources */,
				F04757441FAF9760001A742E /* DailyScheduleViewController.swift in Sources */,
				F04757461FAF97B7001A742E /* RoutineViewController.swift in Sources */,
				F0F9357F1FCA02B70098941A /* RoutineViewControllerAddNew.swift in Sources */,
			);
			runOnlyForDeploymentPostprocessing = 0;
		};
		F0187F1C1FAE70E30062BA83 /* Sources */ = {
			isa = PBXSourcesBuildPhase;
			buildActionMask = 2147483647;
			files = (
				F0187F251FAE70E30062BA83 /* ApplicationTests.swift in Sources */,
			);
			runOnlyForDeploymentPostprocessing = 0;
		};
		F0187F271FAE70E30062BA83 /* Sources */ = {
			isa = PBXSourcesBuildPhase;
			buildActionMask = 2147483647;
			files = (
				F0187F301FAE70E30062BA83 /* ApplicationUITests.swift in Sources */,
			);
			runOnlyForDeploymentPostprocessing = 0;
		};
/* End PBXSourcesBuildPhase section */

/* Begin PBXTargetDependency section */
		F0187F221FAE70E30062BA83 /* PBXTargetDependency */ = {
			isa = PBXTargetDependency;
			target = F0187F091FAE70E30062BA83 /* Application */;
			targetProxy = F0187F211FAE70E30062BA83 /* PBXContainerItemProxy */;
		};
		F0187F2D1FAE70E30062BA83 /* PBXTargetDependency */ = {
			isa = PBXTargetDependency;
			target = F0187F091FAE70E30062BA83 /* Application */;
			targetProxy = F0187F2C1FAE70E30062BA83 /* PBXContainerItemProxy */;
		};
/* End PBXTargetDependency section */

/* Begin PBXVariantGroup section */
		F0187F131FAE70E30062BA83 /* Start.storyboard */ = {
			isa = PBXVariantGroup;
			children = (
				F0187F141FAE70E30062BA83 /* Base */,
			);
			name = Start.storyboard;
			sourceTree = "<group>";
		};
		F0187F181FAE70E30062BA83 /* LaunchScreen.storyboard */ = {
			isa = PBXVariantGroup;
			children = (
				F0187F191FAE70E30062BA83 /* Base */,
			);
			name = LaunchScreen.storyboard;
			sourceTree = "<group>";
		};
/* End PBXVariantGroup section */

/* Begin XCBuildConfiguration section */
		F0187F321FAE70E30062BA83 /* Debug */ = {
			isa = XCBuildConfiguration;
			buildSettings = {
				ALWAYS_SEARCH_USER_PATHS = NO;
				CLANG_ANALYZER_NONNULL = YES;
				CLANG_ANALYZER_NUMBER_OBJECT_CONVERSION = YES_AGGRESSIVE;
				CLANG_CXX_LANGUAGE_STANDARD = "gnu++14";
				CLANG_CXX_LIBRARY = "libc++";
				CLANG_ENABLE_MODULES = YES;
				CLANG_ENABLE_OBJC_ARC = YES;
				CLANG_WARN_BLOCK_CAPTURE_AUTORELEASING = YES;
				CLANG_WARN_BOOL_CONVERSION = YES;
				CLANG_WARN_COMMA = YES;
				CLANG_WARN_CONSTANT_CONVERSION = YES;
				CLANG_WARN_DIRECT_OBJC_ISA_USAGE = YES_ERROR;
				CLANG_WARN_DOCUMENTATION_COMMENTS = YES;
				CLANG_WARN_EMPTY_BODY = YES;
				CLANG_WARN_ENUM_CONVERSION = YES;
				CLANG_WARN_INFINITE_RECURSION = YES;
				CLANG_WARN_INT_CONVERSION = YES;
				CLANG_WARN_NON_LITERAL_NULL_CONVERSION = YES;
				CLANG_WARN_OBJC_LITERAL_CONVERSION = YES;
				CLANG_WARN_OBJC_ROOT_CLASS = YES_ERROR;
				CLANG_WARN_RANGE_LOOP_ANALYSIS = YES;
				CLANG_WARN_STRICT_PROTOTYPES = YES;
				CLANG_WARN_SUSPICIOUS_MOVE = YES;
				CLANG_WARN_UNGUARDED_AVAILABILITY = YES_AGGRESSIVE;
				CLANG_WARN_UNREACHABLE_CODE = YES;
				CLANG_WARN__DUPLICATE_METHOD_MATCH = YES;
				CODE_SIGN_IDENTITY = "iPhone Developer";
				COPY_PHASE_STRIP = NO;
				DEBUG_INFORMATION_FORMAT = dwarf;
				ENABLE_STRICT_OBJC_MSGSEND = YES;
				ENABLE_TESTABILITY = YES;
				GCC_C_LANGUAGE_STANDARD = gnu11;
				GCC_DYNAMIC_NO_PIC = NO;
				GCC_NO_COMMON_BLOCKS = YES;
				GCC_OPTIMIZATION_LEVEL = 0;
				GCC_PREPROCESSOR_DEFINITIONS = (
					"DEBUG=1",
					"$(inherited)",
				);
				GCC_WARN_64_TO_32_BIT_CONVERSION = YES;
				GCC_WARN_ABOUT_RETURN_TYPE = YES_ERROR;
				GCC_WARN_UNDECLARED_SELECTOR = YES;
				GCC_WARN_UNINITIALIZED_AUTOS = YES_AGGRESSIVE;
				GCC_WARN_UNUSED_FUNCTION = YES;
				GCC_WARN_UNUSED_VARIABLE = YES;
				IPHONEOS_DEPLOYMENT_TARGET = 11.1;
				MTL_ENABLE_DEBUG_INFO = YES;
				ONLY_ACTIVE_ARCH = YES;
				SDKROOT = iphoneos;
				SWIFT_ACTIVE_COMPILATION_CONDITIONS = DEBUG;
				SWIFT_OPTIMIZATION_LEVEL = "-Onone";
			};
			name = Debug;
		};
		F0187F331FAE70E30062BA83 /* Release */ = {
			isa = XCBuildConfiguration;
			buildSettings = {
				ALWAYS_SEARCH_USER_PATHS = NO;
				CLANG_ANALYZER_NONNULL = YES;
				CLANG_ANALYZER_NUMBER_OBJECT_CONVERSION = YES_AGGRESSIVE;
				CLANG_CXX_LANGUAGE_STANDARD = "gnu++14";
				CLANG_CXX_LIBRARY = "libc++";
				CLANG_ENABLE_MODULES = YES;
				CLANG_ENABLE_OBJC_ARC = YES;
				CLANG_WARN_BLOCK_CAPTURE_AUTORELEASING = YES;
				CLANG_WARN_BOOL_CONVERSION = YES;
				CLANG_WARN_COMMA = YES;
				CLANG_WARN_CONSTANT_CONVERSION = YES;
				CLANG_WARN_DIRECT_OBJC_ISA_USAGE = YES_ERROR;
				CLANG_WARN_DOCUMENTATION_COMMENTS = YES;
				CLANG_WARN_EMPTY_BODY = YES;
				CLANG_WARN_ENUM_CONVERSION = YES;
				CLANG_WARN_INFINITE_RECURSION = YES;
				CLANG_WARN_INT_CONVERSION = YES;
				CLANG_WARN_NON_LITERAL_NULL_CONVERSION = YES;
				CLANG_WARN_OBJC_LITERAL_CONVERSION = YES;
				CLANG_WARN_OBJC_ROOT_CLASS = YES_ERROR;
				CLANG_WARN_RANGE_LOOP_ANALYSIS = YES;
				CLANG_WARN_STRICT_PROTOTYPES = YES;
				CLANG_WARN_SUSPICIOUS_MOVE = YES;
				CLANG_WARN_UNGUARDED_AVAILABILITY = YES_AGGRESSIVE;
				CLANG_WARN_UNREACHABLE_CODE = YES;
				CLANG_WARN__DUPLICATE_METHOD_MATCH = YES;
				CODE_SIGN_IDENTITY = "iPhone Developer";
				COPY_PHASE_STRIP = NO;
				DEBUG_INFORMATION_FORMAT = "dwarf-with-dsym";
				ENABLE_NS_ASSERTIONS = NO;
				ENABLE_STRICT_OBJC_MSGSEND = YES;
				GCC_C_LANGUAGE_STANDARD = gnu11;
				GCC_NO_COMMON_BLOCKS = YES;
				GCC_WARN_64_TO_32_BIT_CONVERSION = YES;
				GCC_WARN_ABOUT_RETURN_TYPE = YES_ERROR;
				GCC_WARN_UNDECLARED_SELECTOR = YES;
				GCC_WARN_UNINITIALIZED_AUTOS = YES_AGGRESSIVE;
				GCC_WARN_UNUSED_FUNCTION = YES;
				GCC_WARN_UNUSED_VARIABLE = YES;
				IPHONEOS_DEPLOYMENT_TARGET = 11.1;
				MTL_ENABLE_DEBUG_INFO = NO;
				SDKROOT = iphoneos;
				SWIFT_OPTIMIZATION_LEVEL = "-Owholemodule";
				VALIDATE_PRODUCT = YES;
			};
			name = Release;
		};
		F0187F351FAE70E30062BA83 /* Debug */ = {
			isa = XCBuildConfiguration;
			baseConfigurationReference = 27C9FF157B9E160EE53AD49C /* Pods-Application.debug.xcconfig */;
			buildSettings = {
				ASSETCATALOG_COMPILER_APPICON_NAME = AppIcon;
				CODE_SIGN_STYLE = Automatic;
				INFOPLIST_FILE = Application/Info.plist;
				LD_RUNPATH_SEARCH_PATHS = "$(inherited) @executable_path/Frameworks";
				PRODUCT_BUNDLE_IDENTIFIER = com.RP.Application;
				PRODUCT_NAME = "$(TARGET_NAME)";
				SWIFT_VERSION = 4.0;
				TARGETED_DEVICE_FAMILY = "1,2";
			};
			name = Debug;
		};
		F0187F361FAE70E30062BA83 /* Release */ = {
			isa = XCBuildConfiguration;
			baseConfigurationReference = 1AFD8D82145502602C477C63 /* Pods-Application.release.xcconfig */;
			buildSettings = {
				ASSETCATALOG_COMPILER_APPICON_NAME = AppIcon;
				CODE_SIGN_STYLE = Automatic;
				INFOPLIST_FILE = Application/Info.plist;
				LD_RUNPATH_SEARCH_PATHS = "$(inherited) @executable_path/Frameworks";
				PRODUCT_BUNDLE_IDENTIFIER = com.RP.Application;
				PRODUCT_NAME = "$(TARGET_NAME)";
				SWIFT_VERSION = 4.0;
				TARGETED_DEVICE_FAMILY = "1,2";
			};
			name = Release;
		};
		F0187F381FAE70E30062BA83 /* Debug */ = {
			isa = XCBuildConfiguration;
			baseConfigurationReference = AB40E2413069A562C237AAF1 /* Pods-ApplicationTests.debug.xcconfig */;
			buildSettings = {
				ALWAYS_EMBED_SWIFT_STANDARD_LIBRARIES = YES;
				BUNDLE_LOADER = "$(TEST_HOST)";
				CODE_SIGN_STYLE = Automatic;
				INFOPLIST_FILE = ApplicationTests/Info.plist;
				LD_RUNPATH_SEARCH_PATHS = "$(inherited) @executable_path/Frameworks @loader_path/Frameworks";
				PRODUCT_BUNDLE_IDENTIFIER = com.RP.ApplicationTests;
				PRODUCT_NAME = "$(TARGET_NAME)";
				SWIFT_VERSION = 4.0;
				TARGETED_DEVICE_FAMILY = "1,2";
				TEST_HOST = "$(BUILT_PRODUCTS_DIR)/Application.app/Application";
			};
			name = Debug;
		};
		F0187F391FAE70E30062BA83 /* Release */ = {
			isa = XCBuildConfiguration;
			baseConfigurationReference = 6A61947382DFF5B21140C773 /* Pods-ApplicationTests.release.xcconfig */;
			buildSettings = {
				ALWAYS_EMBED_SWIFT_STANDARD_LIBRARIES = YES;
				BUNDLE_LOADER = "$(TEST_HOST)";
				CODE_SIGN_STYLE = Automatic;
				INFOPLIST_FILE = ApplicationTests/Info.plist;
				LD_RUNPATH_SEARCH_PATHS = "$(inherited) @executable_path/Frameworks @loader_path/Frameworks";
				PRODUCT_BUNDLE_IDENTIFIER = com.RP.ApplicationTests;
				PRODUCT_NAME = "$(TARGET_NAME)";
				SWIFT_VERSION = 4.0;
				TARGETED_DEVICE_FAMILY = "1,2";
				TEST_HOST = "$(BUILT_PRODUCTS_DIR)/Application.app/Application";
			};
			name = Release;
		};
		F0187F3B1FAE70E30062BA83 /* Debug */ = {
			isa = XCBuildConfiguration;
			baseConfigurationReference = 77923A5B0141D47FDF96EA47 /* Pods-ApplicationUITests.debug.xcconfig */;
			buildSettings = {
				ALWAYS_EMBED_SWIFT_STANDARD_LIBRARIES = YES;
				CODE_SIGN_STYLE = Automatic;
				INFOPLIST_FILE = ApplicationUITests/Info.plist;
				LD_RUNPATH_SEARCH_PATHS = "$(inherited) @executable_path/Frameworks @loader_path/Frameworks";
				PRODUCT_BUNDLE_IDENTIFIER = com.RP.ApplicationUITests;
				PRODUCT_NAME = "$(TARGET_NAME)";
				SWIFT_VERSION = 4.0;
				TARGETED_DEVICE_FAMILY = "1,2";
				TEST_TARGET_NAME = Application;
			};
			name = Debug;
		};
		F0187F3C1FAE70E30062BA83 /* Release */ = {
			isa = XCBuildConfiguration;
			baseConfigurationReference = 9A8B5E630AA95FB51D1544D3 /* Pods-ApplicationUITests.release.xcconfig */;
			buildSettings = {
				ALWAYS_EMBED_SWIFT_STANDARD_LIBRARIES = YES;
				CODE_SIGN_STYLE = Automatic;
				INFOPLIST_FILE = ApplicationUITests/Info.plist;
				LD_RUNPATH_SEARCH_PATHS = "$(inherited) @executable_path/Frameworks @loader_path/Frameworks";
				PRODUCT_BUNDLE_IDENTIFIER = com.RP.ApplicationUITests;
				PRODUCT_NAME = "$(TARGET_NAME)";
				SWIFT_VERSION = 4.0;
				TARGETED_DEVICE_FAMILY = "1,2";
				TEST_TARGET_NAME = Application;
			};
			name = Release;
		};
/* End XCBuildConfiguration section */

/* Begin XCConfigurationList section */
		F0187F051FAE70E30062BA83 /* Build configuration list for PBXProject "Application" */ = {
			isa = XCConfigurationList;
			buildConfigurations = (
				F0187F321FAE70E30062BA83 /* Debug */,
				F0187F331FAE70E30062BA83 /* Release */,
			);
			defaultConfigurationIsVisible = 0;
			defaultConfigurationName = Release;
		};
		F0187F341FAE70E30062BA83 /* Build configuration list for PBXNativeTarget "Application" */ = {
			isa = XCConfigurationList;
			buildConfigurations = (
				F0187F351FAE70E30062BA83 /* Debug */,
				F0187F361FAE70E30062BA83 /* Release */,
			);
			defaultConfigurationIsVisible = 0;
			defaultConfigurationName = Release;
		};
		F0187F371FAE70E30062BA83 /* Build configuration list for PBXNativeTarget "ApplicationTests" */ = {
			isa = XCConfigurationList;
			buildConfigurations = (
				F0187F381FAE70E30062BA83 /* Debug */,
				F0187F391FAE70E30062BA83 /* Release */,
			);
			defaultConfigurationIsVisible = 0;
			defaultConfigurationName = Release;
		};
		F0187F3A1FAE70E30062BA83 /* Build configuration list for PBXNativeTarget "ApplicationUITests" */ = {
			isa = XCConfigurationList;
			buildConfigurations = (
				F0187F3B1FAE70E30062BA83 /* Debug */,
				F0187F3C1FAE70E30062BA83 /* Release */,
			);
			defaultConfigurationIsVisible = 0;
			defaultConfigurationName = Release;
		};
/* End XCConfigurationList section */
	};
	rootObject = F0187F021FAE70E30062BA83 /* Project object */;
}
